
Microsoft Visual Studio Solution File, Format Version 12.00
# Visual Studio 15
VisualStudioVersion = 15.0.28307.271
MinimumVisualStudioVersion = 10.0.40219.1
Project("{8BC9CEB8-8B4A-11D0-8D11-00A0C91BC942}") = "Flyweight Pattern", "Flyweight Pattern\Flyweight Pattern.vcxproj", "{FDBD0D6D-5ADC-4DE1-9A92-CC5CFA146587}"
EndProject
Global
	GlobalSection(SolutionConfigurationPlatforms) = preSolution
		Debug|x64 = Debug|x64
		Debug|x86 = Debug|x86
		Release|x64 = Release|x64
		Release|x86 = Release|x86
	EndGlobalSection
	GlobalSection(ProjectConfigurationPlatforms) = postSolution
		{FDBD0D6D-5ADC-4DE1-9A92-CC5CFA146587}.Debug|x64.ActiveCfg = Debug|x64
		{FDBD0D6D-5ADC-4DE1-9A92-CC5CFA146587}.Debug|x64.Build.0 = Debug|x64
		{FDBD0D6D-5ADC-4DE1-9A92-CC5CFA146587}.Debug|x86.ActiveCfg = Debug|Win32
		{FDBD0D6D-5ADC-4DE1-9A92-CC5CFA146587}.Debug|x86.Build.0 = Debug|Win32
		{FDBD0D6D-5ADC-4DE1-9A92-CC5CFA146587}.Release|x64.ActiveCfg = Release|x64
		{FDBD0D6D-5ADC-4DE1-9A92-CC5CFA146587}.Release|x64.Build.0 = Release|x64
		{FDBD0D6D-5ADC-4DE1-9A92-CC5CFA146587}.Release|x86.ActiveCfg = Release|Win32
		{FDBD0D6D-5ADC-4DE1-9A92-CC5CFA146587}.Release|x86.Build.0 = Release|Win32
	EndGlobalSection
	GlobalSection(SolutionProperties) = preSolution
		HideSolutionNode = FALSE
	EndGlobalSection
	GlobalSection(ExtensibilityGlobals) = postSolution
		SolutionGuid = {F4CFB6C4-3812-4BE7-B24B-5F4D33D5651F}
	EndGlobalSection
EndGlobal
